
Microsoft Visual Studio Solution File, Format Version 12.00
# Visual Studio Version 17
VisualStudioVersion = 17.14.36623.8 d17.14
MinimumVisualStudioVersion = 10.0.40219.1
Project("{8BC9CEB8-8B4A-11D0-8D11-00A0C91BC942}") = "ConsoleApplication1", "ConsoleApplication1\ConsoleApplication1.vcxproj", "{BF2C3C84-6774-4855-89FC-F7387F9EB247}"
EndProject
Global
	GlobalSection(SolutionConfigurationPlatforms) = preSolution
		Debug|x64 = Debug|x64
		Debug|x86 = Debug|x86
		Release|x64 = Release|x64
		Release|x86 = Release|x86
	EndGlobalSection
	GlobalSection(ProjectConfigurationPlatforms) = postSolution
		{BF2C3C84-6774-4855-89FC-F7387F9EB247}.Debug|x64.ActiveCfg = Debug|x64
		{BF2C3C84-6774-4855-89FC-F7387F9EB247}.Debug|x64.Build.0 = Debug|x64
		{BF2C3C84-6774-4855-89FC-F7387F9EB247}.Debug|x86.ActiveCfg = Debug|Win32
		{BF2C3C84-6774-4855-89FC-F7387F9EB247}.Debug|x86.Build.0 = Debug|Win32
		{BF2C3C84-6774-4855-89FC-F7387F9EB247}.Release|x64.ActiveCfg = Release|x64
		{BF2C3C84-6774-4855-89FC-F7387F9EB247}.Release|x64.Build.0 = Release|x64
		{BF2C3C84-6774-4855-89FC-F7387F9EB247}.Release|x86.ActiveCfg = Release|Win32
		{BF2C3C84-6774-4855-89FC-F7387F9EB247}.Release|x86.Build.0 = Release|Win32
	EndGlobalSection
	GlobalSection(SolutionProperties) = preSolution
		HideSolutionNode = FALSE
	EndGlobalSection
	GlobalSection(ExtensibilityGlobals) = postSolution
		SolutionGuid = {297A3BA4-374D-4B64-B3D7-5F34EE904B5B}
	EndGlobalSection
EndGlobal
